
Microsoft Visual Studio Solution File, Format Version 12.00
# Visual Studio Version 16
VisualStudioVersion = 16.0.29519.87
MinimumVisualStudioVersion = 10.0.40219.1
Project("{FAE04EC0-301F-11D3-BF4B-00C04F79EFBC}") = "Lab 3 - Decision Making", "Lab 3 - Decision Making\Lab 3 - Decision Making.csproj", "{D2509121-58CA-4AF3-8298-BF745774C3EB}"
EndProject
Global
	GlobalSection(SolutionConfigurationPlatforms) = preSolution
		Debug|Any CPU = Debug|Any CPU
		Release|Any CPU = Release|Any CPU
	EndGlobalSection
	GlobalSection(ProjectConfigurationPlatforms) = postSolution
		{D2509121-58CA-4AF3-8298-BF745774C3EB}.Debug|Any CPU.ActiveCfg = Debug|Any CPU
		{D2509121-58CA-4AF3-8298-BF745774C3EB}.Debug|Any CPU.Build.0 = Debug|Any CPU
		{D2509121-58CA-4AF3-8298-BF745774C3EB}.Release|Any CPU.ActiveCfg = Release|Any CPU
		{D2509121-58CA-4AF3-8298-BF745774C3EB}.Release|Any CPU.Build.0 = Release|Any CPU
	EndGlobalSection
	GlobalSection(SolutionProperties) = preSolution
		HideSolutionNode = FALSE
	EndGlobalSection
	GlobalSection(ExtensibilityGlobals) = postSolution
		SolutionGuid = {243DA294-A089-4B41-BD37-2721411C3BF8}
	EndGlobalSection
EndGlobal
